// !$*UTF8*$!
{
	archiveVersion = 1;
	classes = {
	};
	objectVersion = 77;
	objects = {

/* Begin PBXBuildFile section */
		B4B301592ECFD02F00D682AB /* ConvexMobile in Frameworks */ = {isa = PBXBuildFile; productRef = B4B301582ECFD02F00D682AB /* ConvexMobile */; };
		B4B301AA2EDA482700D682AB /* RevenueCat in Frameworks */ = {isa = PBXBuildFile; productRef = B4B301A92EDA482700D682AB /* RevenueCat */; };
		B4B35F552EC4377E001CC264 /* Clerk in Frameworks */ = {isa = PBXBuildFile; productRef = B4B35F542EC4377E001CC264 /* Clerk */; };
/* End PBXBuildFile section */

/* Begin PBXContainerItemProxy section */
		B4B35EEC2EC01030001CC264 /* PBXContainerItemProxy */ = {
			isa = PBXContainerItemProxy;
			containerPortal = B4B35ED32EC0102D001CC264 /* Project object */;
			proxyType = 1;
			remoteGlobalIDString = B4B35EDA2EC0102D001CC264;
			remoteInfo = "trip-bank";
		};
		B4B35EF62EC01030001CC264 /* PBXContainerItemProxy */ = {
			isa = PBXContainerItemProxy;
			containerPortal = B4B35ED32EC0102D001CC264 /* Project object */;
			proxyType = 1;
			remoteGlobalIDString = B4B35EDA2EC0102D001CC264;
			remoteInfo = "trip-bank";
		};
/* End PBXContainerItemProxy section */

/* Begin PBXFileReference section */
		B4B301B02EDA600000D682AB /* RewindedStore.storekit */ = {isa = PBXFileReference; lastKnownFileType = text; path = RewindedStore.storekit; sourceTree = "<group>"; };
		B4B35EDB2EC0102D001CC264 /* trip-bank.app */ = {isa = PBXFileReference; explicitFileType = wrapper.application; includeInIndex = 0; path = "trip-bank.app"; sourceTree = BUILT_PRODUCTS_DIR; };
		B4B35EEB2EC01030001CC264 /* trip-bankTests.xctest */ = {isa = PBXFileReference; explicitFileType = wrapper.cfbundle; includeInIndex = 0; path = "trip-bankTests.xctest"; sourceTree = BUILT_PRODUCTS_DIR; };
		B4B35EF52EC01030001CC264 /* trip-bankUITests.xctest */ = {isa = PBXFileReference; explicitFileType = wrapper.cfbundle; includeInIndex = 0; path = "trip-bankUITests.xctest"; sourceTree = BUILT_PRODUCTS_DIR; };
/* End PBXFileReference section */

/* Begin PBXFileSystemSynchronizedRootGroup section */
		B4B35EDD2EC0102D001CC264 /* trip-bank */ = {
			isa = PBXFileSystemSynchronizedRootGroup;
			path = "trip-bank";
			sourceTree = "<group>";
		};
/* End PBXFileSystemSynchronizedRootGroup section */

/* Begin PBXFrameworksBuildPhase section */
		B4B35ED82EC0102D001CC264 /* Frameworks */ = {
			isa = PBXFrameworksBuildPhase;
			buildActionMask = 2147483647;
			files = (
				B4B35F552EC4377E001CC264 /* Clerk in Frameworks */,
				B4B301592ECFD02F00D682AB /* ConvexMobile in Frameworks */,
				B4B301AA2EDA482700D682AB /* RevenueCat in Frameworks */,
			);
			runOnlyForDeploymentPostprocessing = 0;
		};
		B4B35EE82EC01030001CC264 /* Frameworks */ = {
			isa = PBXFrameworksBuildPhase;
			buildActionMask = 2147483647;
			files = (
			);
			runOnlyForDeploymentPostprocessing = 0;
		};
		B4B35EF22EC01030001CC264 /* Frameworks */ = {
			isa = PBXFrameworksBuildPhase;
			buildActionMask = 2147483647;
			files = (
			);
			runOnlyForDeploymentPostprocessing = 0;
		};
/* End PBXFrameworksBuildPhase section */

/* Begin PBXGroup section */
		B4B35ED22EC0102D001CC264 = {
			isa = PBXGroup;
			children = (
				B4B301B02EDA600000D682AB /* RewindedStore.storekit */,
				B4B35EDD2EC0102D001CC264 /* trip-bank */,
				B4B35EDC2EC0102D001CC264 /* Products */,
			);
			sourceTree = "<group>";
		};
		B4B35EDC2EC0102D001CC264 /* Products */ = {
			isa = PBXGroup;
			children = (
				B4B35EDB2EC0102D001CC264 /* trip-bank.app */,
				B4B35EEB2EC01030001CC264 /* trip-bankTests.xctest */,
				B4B35EF52EC01030001CC264 /* trip-bankUITests.xctest */,
			);
			name = Products;
			sourceTree = "<group>";
		};
/* End PBXGroup section */

/* Begin PBXNativeTarget section */
		B4B35EDA2EC0102D001CC264 /* trip-bank */ = {
			isa = PBXNativeTarget;
			buildConfigurationList = B4B35EFF2EC01030001CC264 /* Build configuration list for PBXNativeTarget "trip-bank" */;
			buildPhases = (
				B4B35ED72EC0102D001CC264 /* Sources */,
				B4B35ED82EC0102D001CC264 /* Frameworks */,
				B4B35ED92EC0102D001CC264 /* Resources */,
			);
			buildRules = (
			);
			dependencies = (
			);
			fileSystemSynchronizedGroups = (
				B4B35EDD2EC0102D001CC264 /* trip-bank */,
			);
			name = "trip-bank";
			packageProductDependencies = (
				B4B35F542EC4377E001CC264 /* Clerk */,
				B4B301582ECFD02F00D682AB /* ConvexMobile */,
				B4B301A92EDA482700D682AB /* RevenueCat */,
			);
			productName = "trip-bank";
			productReference = B4B35EDB2EC0102D001CC264 /* trip-bank.app */;
			productType = "com.apple.product-type.application";
		};
		B4B35EEA2EC01030001CC264 /* trip-bankTests */ = {
			isa = PBXNativeTarget;
			buildConfigurationList = B4B35F022EC01030001CC264 /* Build configuration list for PBXNativeTarget "trip-bankTests" */;
			buildPhases = (
				B4B35EE72EC01030001CC264 /* Sources */,
				B4B35EE82EC01030001CC264 /* Frameworks */,
				B4B35EE92EC01030001CC264 /* Resources */,
			);
			buildRules = (
			);
			dependencies = (
				B4B35EED2EC01030001CC264 /* PBXTargetDependency */,
			);
			name = "trip-bankTests";
			packageProductDependencies = (
			);
			productName = "trip-bankTests";
			productReference = B4B35EEB2EC01030001CC264 /* trip-bankTests.xctest */;
			productType = "com.apple.product-type.bundle.unit-test";
		};
		B4B35EF42EC01030001CC264 /* trip-bankUITests */ = {
			isa = PBXNativeTarget;
			buildConfigurationList = B4B35F052EC01030001CC264 /* Build configuration list for PBXNativeTarget "trip-bankUITests" */;
			buildPhases = (
				B4B35EF12EC01030001CC264 /* Sources */,
				B4B35EF22EC01030001CC264 /* Frameworks */,
				B4B35EF32EC01030001CC264 /* Resources */,
			);
			buildRules = (
			);
			dependencies = (
				B4B35EF72EC01030001CC264 /* PBXTargetDependency */,
			);
			name = "trip-bankUITests";
			packageProductDependencies = (
			);
			productName = "trip-bankUITests";
			productReference = B4B35EF52EC01030001CC264 /* trip-bankUITests.xctest */;
			productType = "com.apple.product-type.bundle.ui-testing";
		};
/* End PBXNativeTarget section */

/* Begin PBXProject section */
		B4B35ED32EC0102D001CC264 /* Project object */ = {
			isa = PBXProject;
			attributes = {
				BuildIndependentTargetsInParallel = 1;
				LastSwiftUpdateCheck = 1620;
				LastUpgradeCheck = 1620;
				TargetAttributes = {
					B4B35EDA2EC0102D001CC264 = {
						CreatedOnToolsVersion = 16.2;
					};
					B4B35EEA2EC01030001CC264 = {
						CreatedOnToolsVersion = 16.2;
						TestTargetID = B4B35EDA2EC0102D001CC264;
					};
					B4B35EF42EC01030001CC264 = {
						CreatedOnToolsVersion = 16.2;
						TestTargetID = B4B35EDA2EC0102D001CC264;
					};
				};
			};
			buildConfigurationList = B4B35ED62EC0102D001CC264 /* Build configuration list for PBXProject "trip-bank" */;
			developmentRegion = en;
			hasScannedForEncodings = 0;
			knownRegions = (
				en,
				Base,
			);
			mainGroup = B4B35ED22EC0102D001CC264;
			minimizedProjectReferenceProxies = 1;
			packageReferences = (
				B4B35F532EC4377E001CC264 /* XCRemoteSwiftPackageReference "clerk-ios" */,
				B4B301572ECFD02F00D682AB /* XCRemoteSwiftPackageReference "convex-swift" */,
				B4B301A82EDA482700D682AB /* XCRemoteSwiftPackageReference "purchases-ios" */,
			);
			preferredProjectObjectVersion = 77;
			productRefGroup = B4B35EDC2EC0102D001CC264 /* Products */;
			projectDirPath = "";
			projectRoot = "";
			targets = (
				B4B35EDA2EC0102D001CC264 /* trip-bank */,
				B4B35EEA2EC01030001CC264 /* trip-bankTests */,
				B4B35EF42EC01030001CC264 /* trip-bankUITests */,
			);
		};
/* End PBXProject section */

/* Begin PBXResourcesBuildPhase section */
		B4B35ED92EC0102D001CC264 /* Resources */ = {
			isa = PBXResourcesBuildPhase;
			buildActionMask = 2147483647;
			files = (
			);
			runOnlyForDeploymentPostprocessing = 0;
		};
		B4B35EE92EC01030001CC264 /* Resources */ = {
			isa = PBXResourcesBuildPhase;
			buildActionMask = 2147483647;
			files = (
			);
			runOnlyForDeploymentPostprocessing = 0;
		};
		B4B35EF32EC01030001CC264 /* Resources */ = {
			isa = PBXResourcesBuildPhase;
			buildActionMask = 2147483647;
			files = (
			);
			runOnlyForDeploymentPostprocessing = 0;
		};
/* End PBXResourcesBuildPhase section */

/* Begin PBXSourcesBuildPhase section */
		B4B35ED72EC0102D001CC264 /* Sources */ = {
			isa = PBXSourcesBuildPhase;
			buildActionMask = 2147483647;
			files = (
			);
			runOnlyForDeploymentPostprocessing = 0;
		};
		B4B35EE72EC01030001CC264 /* Sources */ = {
			isa = PBXSourcesBuildPhase;
			buildActionMask = 2147483647;
			files = (
			);
			runOnlyForDeploymentPostprocessing = 0;
		};
		B4B35EF12EC01030001CC264 /* Sources */ = {
			isa = PBXSourcesBuildPhase;
			buildActionMask = 2147483647;
			files = (
			);
			runOnlyForDeploymentPostprocessing = 0;
		};
/* End PBXSourcesBuildPhase section */

/* Begin PBXTargetDependency section */
		B4B35EED2EC01030001CC264 /* PBXTargetDependency */ = {
			isa = PBXTargetDependency;
			target = B4B35EDA2EC0102D001CC264 /* trip-bank */;
			targetProxy = B4B35EEC2EC01030001CC264 /* PBXContainerItemProxy */;
		};
		B4B35EF72EC01030001CC264 /* PBXTargetDependency */ = {
			isa = PBXTargetDependency;
			target = B4B35EDA2EC0102D001CC264 /* trip-bank */;
			targetProxy = B4B35EF62EC01030001CC264 /* PBXContainerItemProxy */;
		};
/* End PBXTargetDependency section */

/* Begin XCBuildConfiguration section */
		B4B35EFD2EC01030001CC264 /* Debug */ = {
			isa = XCBuildConfiguration;
			buildSettings = {
				ALWAYS_SEARCH_USER_PATHS = NO;
				ASSETCATALOG_COMPILER_GENERATE_SWIFT_ASSET_SYMBOL_EXTENSIONS = YES;
				CLANG_ANALYZER_NONNULL = YES;
				CLANG_ANALYZER_NUMBER_OBJECT_CONVERSION = YES_AGGRESSIVE;
				CLANG_CXX_LANGUAGE_STANDARD = "gnu++20";
				CLANG_ENABLE_MODULES = YES;
				CLANG_ENABLE_OBJC_ARC = YES;
				CLANG_ENABLE_OBJC_WEAK = YES;
				CLANG_WARN_BLOCK_CAPTURE_AUTORELEASING = YES;
				CLANG_WARN_BOOL_CONVERSION = YES;
				CLANG_WARN_COMMA = YES;
				CLANG_WARN_CONSTANT_CONVERSION = YES;
				CLANG_WARN_DEPRECATED_OBJC_IMPLEMENTATIONS = YES;
				CLANG_WARN_DIRECT_OBJC_ISA_USAGE = YES_ERROR;
				CLANG_WARN_DOCUMENTATION_COMMENTS = YES;
				CLANG_WARN_EMPTY_BODY = YES;
				CLANG_WARN_ENUM_CONVERSION = YES;
				CLANG_WARN_INFINITE_RECURSION = YES;
				CLANG_WARN_INT_CONVERSION = YES;
				CLANG_WARN_NON_LITERAL_NULL_CONVERSION = YES;
				CLANG_WARN_OBJC_IMPLICIT_RETAIN_SELF = YES;
				CLANG_WARN_OBJC_LITERAL_CONVERSION = YES;
				CLANG_WARN_OBJC_ROOT_CLASS = YES_ERROR;
				CLANG_WARN_QUOTED_INCLUDE_IN_FRAMEWORK_HEADER = YES;
				CLANG_WARN_RANGE_LOOP_ANALYSIS = YES;
				CLANG_WARN_STRICT_PROTOTYPES = YES;
				CLANG_WARN_SUSPICIOUS_MOVE = YES;
				CLANG_WARN_UNGUARDED_AVAILABILITY = YES_AGGRESSIVE;
				CLANG_WARN_UNREACHABLE_CODE = YES;
				CLANG_WARN__DUPLICATE_METHOD_MATCH = YES;
				COPY_PHASE_STRIP = NO;
				DEBUG_INFORMATION_FORMAT = dwarf;
				ENABLE_STRICT_OBJC_MSGSEND = YES;
				ENABLE_TESTABILITY = YES;
				ENABLE_USER_SCRIPT_SANDBOXING = YES;
				GCC_C_LANGUAGE_STANDARD = gnu17;
				GCC_DYNAMIC_NO_PIC = NO;
				GCC_NO_COMMON_BLOCKS = YES;
				GCC_OPTIMIZATION_LEVEL = 0;
				GCC_PREPROCESSOR_DEFINITIONS = (
					"DEBUG=1",
					"$(inherited)",
				);
				GCC_WARN_64_TO_32_BIT_CONVERSION = YES;
				GCC_WARN_ABOUT_RETURN_TYPE = YES_ERROR;
				GCC_WARN_UNDECLARED_SELECTOR = YES;
				GCC_WARN_UNINITIALIZED_AUTOS = YES_AGGRESSIVE;
				GCC_WARN_UNUSED_FUNCTION = YES;
				GCC_WARN_UNUSED_VARIABLE = YES;
				IPHONEOS_DEPLOYMENT_TARGET = 18.2;
				LOCALIZATION_PREFERS_STRING_CATALOGS = YES;
				MTL_ENABLE_DEBUG_INFO = INCLUDE_SOURCE;
				MTL_FAST_MATH = YES;
				ONLY_ACTIVE_ARCH = YES;
				SDKROOT = iphoneos;
				SWIFT_ACTIVE_COMPILATION_CONDITIONS = "DEBUG $(inherited)";
				SWIFT_OPTIMIZATION_LEVEL = "-Onone";
			};
			name = Debug;
		};
		B4B35EFE2EC01030001CC264 /* Release */ = {
			isa = XCBuildConfiguration;
			buildSettings = {
				ALWAYS_SEARCH_USER_PATHS = NO;
				ASSETCATALOG_COMPILER_GENERATE_SWIFT_ASSET_SYMBOL_EXTENSIONS = YES;
				CLANG_ANALYZER_NONNULL = YES;
				CLANG_ANALYZER_NUMBER_OBJECT_CONVERSION = YES_AGGRESSIVE;
				CLANG_CXX_LANGUAGE_STANDARD = "gnu++20";
				CLANG_ENABLE_MODULES = YES;
				CLANG_ENABLE_OBJC_ARC = YES;
				CLANG_ENABLE_OBJC_WEAK = YES;
				CLANG_WARN_BLOCK_CAPTURE_AUTORELEASING = YES;
				CLANG_WARN_BOOL_CONVERSION = YES;
				CLANG_WARN_COMMA = YES;
				CLANG_WARN_CONSTANT_CONVERSION = YES;
				CLANG_WARN_DEPRECATED_OBJC_IMPLEMENTATIONS = YES;
				CLANG_WARN_DIRECT_OBJC_ISA_USAGE = YES_ERROR;
				CLANG_WARN_DOCUMENTATION_COMMENTS = YES;
				CLANG_WARN_EMPTY_BODY = YES;
				CLANG_WARN_ENUM_CONVERSION = YES;
				CLANG_WARN_INFINITE_RECURSION = YES;
				CLANG_WARN_INT_CONVERSION = YES;
				CLANG_WARN_NON_LITERAL_NULL_CONVERSION = YES;
				CLANG_WARN_OBJC_IMPLICIT_RETAIN_SELF = YES;
				CLANG_WARN_OBJC_LITERAL_CONVERSION = YES;
				CLANG_WARN_OBJC_ROOT_CLASS = YES_ERROR;
				CLANG_WARN_QUOTED_INCLUDE_IN_FRAMEWORK_HEADER = YES;
				CLANG_WARN_RANGE_LOOP_ANALYSIS = YES;
				CLANG_WARN_STRICT_PROTOTYPES = YES;
				CLANG_WARN_SUSPICIOUS_MOVE = YES;
				CLANG_WARN_UNGUARDED_AVAILABILITY = YES_AGGRESSIVE;
				CLANG_WARN_UNREACHABLE_CODE = YES;
				CLANG_WARN__DUPLICATE_METHOD_MATCH = YES;
				COPY_PHASE_STRIP = NO;
				DEBUG_INFORMATION_FORMAT = "dwarf-with-dsym";
				ENABLE_NS_ASSERTIONS = NO;
				ENABLE_STRICT_OBJC_MSGSEND = YES;
				ENABLE_USER_SCRIPT_SANDBOXING = YES;
				GCC_C_LANGUAGE_STANDARD = gnu17;
				GCC_NO_COMMON_BLOCKS = YES;
				GCC_WARN_64_TO_32_BIT_CONVERSION = YES;
				GCC_WARN_ABOUT_RETURN_TYPE = YES_ERROR;
				GCC_WARN_UNDECLARED_SELECTOR = YES;
				GCC_WARN_UNINITIALIZED_AUTOS = YES_AGGRESSIVE;
				GCC_WARN_UNUSED_FUNCTION = YES;
				GCC_WARN_UNUSED_VARIABLE = YES;
				IPHONEOS_DEPLOYMENT_TARGET = 18.2;
				LOCALIZATION_PREFERS_STRING_CATALOGS = YES;
				MTL_ENABLE_DEBUG_INFO = NO;
				MTL_FAST_MATH = YES;
				SDKROOT = iphoneos;
				SWIFT_COMPILATION_MODE = wholemodule;
				VALIDATE_PRODUCT = YES;
			};
			name = Release;
		};
		B4B35F002EC01030001CC264 /* Debug */ = {
			isa = XCBuildConfiguration;
			buildSettings = {
				ASSETCATALOG_COMPILER_APPICON_NAME = AppIcon;
				ASSETCATALOG_COMPILER_GLOBAL_ACCENT_COLOR_NAME = AccentColor;
				CODE_SIGN_ENTITLEMENTS = "trip-bank/trip-bank.entitlements";
				CODE_SIGN_STYLE = Automatic;
				CURRENT_PROJECT_VERSION = 1;
				DEVELOPMENT_ASSET_PATHS = "\"trip-bank/Preview Content\"";
				DEVELOPMENT_TEAM = YHKHX97TXN;
				ENABLE_PREVIEWS = YES;
				GENERATE_INFOPLIST_FILE = YES;
				INFOPLIST_KEY_CFBundleDisplayName = "Rewinded Dev";
				INFOPLIST_KEY_ITSAppUsesNonExemptEncryption = NO;
				INFOPLIST_KEY_LSApplicationCategoryType = "public.app-category.photography";
				INFOPLIST_KEY_NSPhotoLibraryAddUsageDescription = "Rewinded needs permission to save photos to your library.";
				INFOPLIST_KEY_NSPhotoLibraryUsageDescription = "Rewinded needs access to your photos to create and share your trip memories.";
				INFOPLIST_KEY_UIApplicationSceneManifest_Generation = YES;
				INFOPLIST_KEY_UIApplicationSupportsIndirectInputEvents = YES;
				INFOPLIST_KEY_UILaunchScreen_Generation = YES;
				INFOPLIST_KEY_UISupportedInterfaceOrientations_iPhone = "UIInterfaceOrientationPortrait UIInterfaceOrientationLandscapeLeft UIInterfaceOrientationLandscapeRight";
				LD_RUNPATH_SEARCH_PATHS = (
					"$(inherited)",
					"@executable_path/Frameworks",
				);
				MARKETING_VERSION = 1.0;
				PRODUCT_BUNDLE_IDENTIFIER = "com.gabeliss.trip-bank";
				PRODUCT_NAME = "$(TARGET_NAME)";
				SUPPORTED_PLATFORMS = "iphoneos iphonesimulator";
				SUPPORTS_MACCATALYST = NO;
				SUPPORTS_MAC_DESIGNED_FOR_IPHONE_IPAD = NO;
				SUPPORTS_XR_DESIGNED_FOR_IPHONE_IPAD = NO;
				SWIFT_EMIT_LOC_STRINGS = YES;
				SWIFT_VERSION = 5.0;
				TARGETED_DEVICE_FAMILY = 1;
			};
			name = Debug;
		};
		B4B35F012EC01030001CC264 /* Release */ = {
			isa = XCBuildConfiguration;
			buildSettings = {
				ASSETCATALOG_COMPILER_APPICON_NAME = AppIcon;
				ASSETCATALOG_COMPILER_GLOBAL_ACCENT_COLOR_NAME = AccentColor;
				CODE_SIGN_ENTITLEMENTS = "trip-bank/trip-bank.entitlements";
				CODE_SIGN_STYLE = Automatic;
				CURRENT_PROJECT_VERSION = 1;
				DEVELOPMENT_ASSET_PATHS = "\"trip-bank/Preview Content\"";
				DEVELOPMENT_TEAM = YHKHX97TXN;
				ENABLE_PREVIEWS = YES;
				GENERATE_INFOPLIST_FILE = YES;
				INFOPLIST_KEY_CFBundleDisplayName = Rewinded;
				INFOPLIST_KEY_ITSAppUsesNonExemptEncryption = NO;
				INFOPLIST_KEY_LSApplicationCategoryType = "public.app-category.photography";
				INFOPLIST_KEY_NSPhotoLibraryAddUsageDescription = "Rewinded needs permission to save photos to your library.";
				INFOPLIST_KEY_NSPhotoLibraryUsageDescription = "Rewinded needs access to your photos to create and share your trip memories.";
				INFOPLIST_KEY_UIApplicationSceneManifest_Generation = YES;
				INFOPLIST_KEY_UIApplicationSupportsIndirectInputEvents = YES;
				INFOPLIST_KEY_UILaunchScreen_Generation = YES;
				INFOPLIST_KEY_UISupportedInterfaceOrientations_iPhone = "UIInterfaceOrientationPortrait UIInterfaceOrientationLandscapeLeft UIInterfaceOrientationLandscapeRight";
				LD_RUNPATH_SEARCH_PATHS = (
					"$(inherited)",
					"@executable_path/Frameworks",
				);
				MARKETING_VERSION = 1.0;
				PRODUCT_BUNDLE_IDENTIFIER = "com.gabeliss.trip-bank";
				PRODUCT_NAME = "$(TARGET_NAME)";
				SUPPORTED_PLATFORMS = "iphoneos iphonesimulator";
				SUPPORTS_MACCATALYST = NO;
				SUPPORTS_MAC_DESIGNED_FOR_IPHONE_IPAD = NO;
				SUPPORTS_XR_DESIGNED_FOR_IPHONE_IPAD = NO;
				SWIFT_EMIT_LOC_STRINGS = YES;
				SWIFT_VERSION = 5.0;
				TARGETED_DEVICE_FAMILY = 1;
			};
			name = Release;
		};
		B4B35F032EC01030001CC264 /* Debug */ = {
			isa = XCBuildConfiguration;
			buildSettings = {
				BUNDLE_LOADER = "$(TEST_HOST)";
				CODE_SIGN_STYLE = Automatic;
				CURRENT_PROJECT_VERSION = 1;
				DEVELOPMENT_TEAM = YHKHX97TXN;
				GENERATE_INFOPLIST_FILE = YES;
				IPHONEOS_DEPLOYMENT_TARGET = 18.2;
				MARKETING_VERSION = 1.0;
				PRODUCT_BUNDLE_IDENTIFIER = "com.gabeliss.trip-bankTests";
				PRODUCT_NAME = "$(TARGET_NAME)";
				SWIFT_EMIT_LOC_STRINGS = NO;
				SWIFT_VERSION = 5.0;
				TARGETED_DEVICE_FAMILY = "1,2";
				TEST_HOST = "$(BUILT_PRODUCTS_DIR)/trip-bank.app/$(BUNDLE_EXECUTABLE_FOLDER_PATH)/trip-bank";
			};
			name = Debug;
		};
		B4B35F042EC01030001CC264 /* Release */ = {
			isa = XCBuildConfiguration;
			buildSettings = {
				BUNDLE_LOADER = "$(TEST_HOST)";
				CODE_SIGN_STYLE = Automatic;
				CURRENT_PROJECT_VERSION = 1;
				DEVELOPMENT_TEAM = YHKHX97TXN;
				GENERATE_INFOPLIST_FILE = YES;
				IPHONEOS_DEPLOYMENT_TARGET = 18.2;
				MARKETING_VERSION = 1.0;
				PRODUCT_BUNDLE_IDENTIFIER = "com.gabeliss.trip-bankTests";
				PRODUCT_NAME = "$(TARGET_NAME)";
				SWIFT_EMIT_LOC_STRINGS = NO;
				SWIFT_VERSION = 5.0;
				TARGETED_DEVICE_FAMILY = "1,2";
				TEST_HOST = "$(BUILT_PRODUCTS_DIR)/trip-bank.app/$(BUNDLE_EXECUTABLE_FOLDER_PATH)/trip-bank";
			};
			name = Release;
		};
		B4B35F062EC01030001CC264 /* Debug */ = {
			isa = XCBuildConfiguration;
			buildSettings = {
				CODE_SIGN_STYLE = Automatic;
				CURRENT_PROJECT_VERSION = 1;
				DEVELOPMENT_TEAM = YHKHX97TXN;
				GENERATE_INFOPLIST_FILE = YES;
				MARKETING_VERSION = 1.0;
				PRODUCT_BUNDLE_IDENTIFIER = "com.gabeliss.trip-bankUITests";
				PRODUCT_NAME = "$(TARGET_NAME)";
				SWIFT_EMIT_LOC_STRINGS = NO;
				SWIFT_VERSION = 5.0;
				TARGETED_DEVICE_FAMILY = "1,2";
				TEST_TARGET_NAME = "trip-bank";
			};
			name = Debug;
		};
		B4B35F072EC01030001CC264 /* Release */ = {
			isa = XCBuildConfiguration;
			buildSettings = {
				CODE_SIGN_STYLE = Automatic;
				CURRENT_PROJECT_VERSION = 1;
				DEVELOPMENT_TEAM = YHKHX97TXN;
				GENERATE_INFOPLIST_FILE = YES;
				MARKETING_VERSION = 1.0;
				PRODUCT_BUNDLE_IDENTIFIER = "com.gabeliss.trip-bankUITests";
				PRODUCT_NAME = "$(TARGET_NAME)";
				SWIFT_EMIT_LOC_STRINGS = NO;
				SWIFT_VERSION = 5.0;
				TARGETED_DEVICE_FAMILY = "1,2";
				TEST_TARGET_NAME = "trip-bank";
			};
			name = Release;
		};
/* End XCBuildConfiguration section */

/* Begin XCConfigurationList section */
		B4B35ED62EC0102D001CC264 /* Build configuration list for PBXProject "trip-bank" */ = {
			isa = XCConfigurationList;
			buildConfigurations = (
				B4B35EFD2EC01030001CC264 /* Debug */,
				B4B35EFE2EC01030001CC264 /* Release */,
			);
			defaultConfigurationIsVisible = 0;
			defaultConfigurationName = Release;
		};
		B4B35EFF2EC01030001CC264 /* Build configuration list for PBXNativeTarget "trip-bank" */ = {
			isa = XCConfigurationList;
			buildConfigurations = (
				B4B35F002EC01030001CC264 /* Debug */,
				B4B35F012EC01030001CC264 /* Release */,
			);
			defaultConfigurationIsVisible = 0;
			defaultConfigurationName = Release;
		};
		B4B35F022EC01030001CC264 /* Build configuration list for PBXNativeTarget "trip-bankTests" */ = {
			isa = XCConfigurationList;
			buildConfigurations = (
				B4B35F032EC01030001CC264 /* Debug */,
				B4B35F042EC01030001CC264 /* Release */,
			);
			defaultConfigurationIsVisible = 0;
			defaultConfigurationName = Release;
		};
		B4B35F052EC01030001CC264 /* Build configuration list for PBXNativeTarget "trip-bankUITests" */ = {
			isa = XCConfigurationList;
			buildConfigurations = (
				B4B35F062EC01030001CC264 /* Debug */,
				B4B35F072EC01030001CC264 /* Release */,
			);
			defaultConfigurationIsVisible = 0;
			defaultConfigurationName = Release;
		};
/* End XCConfigurationList section */

/* Begin XCRemoteSwiftPackageReference section */
		B4B301572ECFD02F00D682AB /* XCRemoteSwiftPackageReference "convex-swift" */ = {
			isa = XCRemoteSwiftPackageReference;
			repositoryURL = "https://github.com/get-convex/convex-swift";
			requirement = {
				kind = upToNextMajorVersion;
				minimumVersion = 0.6.1;
			};
		};
		B4B301A82EDA482700D682AB /* XCRemoteSwiftPackageReference "purchases-ios" */ = {
			isa = XCRemoteSwiftPackageReference;
			repositoryURL = "https://github.com/RevenueCat/purchases-ios.git";
			requirement = {
				kind = upToNextMajorVersion;
				minimumVersion = 5.49.2;
			};
		};
		B4B35F532EC4377E001CC264 /* XCRemoteSwiftPackageReference "clerk-ios" */ = {
			isa = XCRemoteSwiftPackageReference;
			repositoryURL = "https://github.com/clerk/clerk-ios";
			requirement = {
				kind = upToNextMajorVersion;
				minimumVersion = 0.71.0;
			};
		};
/* End XCRemoteSwiftPackageReference section */

/* Begin XCSwiftPackageProductDependency section */
		B4B301582ECFD02F00D682AB /* ConvexMobile */ = {
			isa = XCSwiftPackageProductDependency;
			package = B4B301572ECFD02F00D682AB /* XCRemoteSwiftPackageReference "convex-swift" */;
			productName = ConvexMobile;
		};
		B4B301A92EDA482700D682AB /* RevenueCat */ = {
			isa = XCSwiftPackageProductDependency;
			package = B4B301A82EDA482700D682AB /* XCRemoteSwiftPackageReference "purchases-ios" */;
			productName = RevenueCat;
		};
		B4B35F542EC4377E001CC264 /* Clerk */ = {
			isa = XCSwiftPackageProductDependency;
			package = B4B35F532EC4377E001CC264 /* XCRemoteSwiftPackageReference "clerk-ios" */;
			productName = Clerk;
		};
/* End XCSwiftPackageProductDependency section */
	};
	rootObject = B4B35ED32EC0102D001CC264 /* Project object */;
}
